
Microsoft Visual Studio Solution File, Format Version 12.00
# Visual Studio 15
VisualStudioVersion = 15.0.27130.2027
MinimumVisualStudioVersion = 10.0.40219.1
Project("{8BC9CEB8-8B4A-11D0-8D11-00A0C91BC942}") = "ex1", "ex1\ex1.vcxproj", "{90CB55F1-B1E4-46BF-982B-B6046649D9E6}"
EndProject
Project("{8BC9CEB8-8B4A-11D0-8D11-00A0C91BC942}") = "ex2", "ex2\ex2.vcxproj", "{0F86C398-413F-4D4E-B5F5-0B1D69596AFC}"
EndProject
Project("{8BC9CEB8-8B4A-11D0-8D11-00A0C91BC942}") = "ex3", "ex3\ex3.vcxproj", "{A82C8AF6-A435-4DDC-9ED0-2F4CE120A34C}"
EndProject
Project("{8BC9CEB8-8B4A-11D0-8D11-00A0C91BC942}") = "ex4", "ex4\ex4.vcxproj", "{26B280BD-67FB-44B8-80AA-0727F73B87D5}"
EndProject
Project("{8BC9CEB8-8B4A-11D0-8D11-00A0C91BC942}") = "ex5", "ex5\ex5.vcxproj", "{1BA4C017-83AD-4781-9AFA-6B288CAD9F72}"
EndProject
Project("{8BC9CEB8-8B4A-11D0-8D11-00A0C91BC942}") = "ex6", "ex6\ex6.vcxproj", "{3BEA7270-7F92-4AF6-96FA-8E520AAE5E2E}"
EndProject
Project("{8BC9CEB8-8B4A-11D0-8D11-00A0C91BC942}") = "ex7", "ex7\ex7.vcxproj", "{C8007D66-A0E8-45A8-A611-170EC81029B6}"
EndProject
Project("{8BC9CEB8-8B4A-11D0-8D11-00A0C91BC942}") = "ex8", "ex8\ex8.vcxproj", "{E2B72947-113D-4A38-89B5-5B8338D9D0A1}"
EndProject
Project("{8BC9CEB8-8B4A-11D0-8D11-00A0C91BC942}") = "ex9", "ex9\ex9.vcxproj", "{7938074F-F6D5-4094-BF3A-67D3E7B3A50B}"
EndProject
Project("{8BC9CEB8-8B4A-11D0-8D11-00A0C91BC942}") = "ex10", "ex10\ex10.vcxproj", "{E3F5E3CF-38C0-4ABC-88D6-58B12C295A79}"
EndProject
Project("{8BC9CEB8-8B4A-11D0-8D11-00A0C91BC942}") = "ex11", "ex11\ex11.vcxproj", "{6A1B5225-894E-4BCF-A18D-07757EED19AC}"
EndProject
Project("{8BC9CEB8-8B4A-11D0-8D11-00A0C91BC942}") = "ex12", "ex12\ex12.vcxproj", "{2573A753-7CA3-4DB0-A02B-609002D70018}"
EndProject
Global
	GlobalSection(SolutionConfigurationPlatforms) = preSolution
		Debug|x64 = Debug|x64
		Debug|x86 = Debug|x86
		Release|x64 = Release|x64
		Release|x86 = Release|x86
	EndGlobalSection
	GlobalSection(ProjectConfigurationPlatforms) = postSolution
		{90CB55F1-B1E4-46BF-982B-B6046649D9E6}.Debug|x64.ActiveCfg = Debug|x64
		{90CB55F1-B1E4-46BF-982B-B6046649D9E6}.Debug|x64.Build.0 = Debug|x64
		{90CB55F1-B1E4-46BF-982B-B6046649D9E6}.Debug|x86.ActiveCfg = Debug|Win32
		{90CB55F1-B1E4-46BF-982B-B6046649D9E6}.Debug|x86.Build.0 = Debug|Win32
		{90CB55F1-B1E4-46BF-982B-B6046649D9E6}.Release|x64.ActiveCfg = Release|x64
		{90CB55F1-B1E4-46BF-982B-B6046649D9E6}.Release|x64.Build.0 = Release|x64
		{90CB55F1-B1E4-46BF-982B-B6046649D9E6}.Release|x86.ActiveCfg = Release|Win32
		{90CB55F1-B1E4-46BF-982B-B6046649D9E6}.Release|x86.Build.0 = Release|Win32
		{0F86C398-413F-4D4E-B5F5-0B1D69596AFC}.Debug|x64.ActiveCfg = Debug|x64
		{0F86C398-413F-4D4E-B5F5-0B1D69596AFC}.Debug|x64.Build.0 = Debug|x64
		{0F86C398-413F-4D4E-B5F5-0B1D69596AFC}.Debug|x86.ActiveCfg = Debug|Win32
		{0F86C398-413F-4D4E-B5F5-0B1D69596AFC}.Debug|x86.Build.0 = Debug|Win32
		{0F86C398-413F-4D4E-B5F5-0B1D69596AFC}.Release|x64.ActiveCfg = Release|x64
		{0F86C398-413F-4D4E-B5F5-0B1D69596AFC}.Release|x64.Build.0 = Release|x64
		{0F86C398-413F-4D4E-B5F5-0B1D69596AFC}.Release|x86.ActiveCfg = Release|Win32
		{0F86C398-413F-4D4E-B5F5-0B1D69596AFC}.Release|x86.Build.0 = Release|Win32
		{A82C8AF6-A435-4DDC-9ED0-2F4CE120A34C}.Debug|x64.ActiveCfg = Debug|x64
		{A82C8AF6-A435-4DDC-9ED0-2F4CE120A34C}.Debug|x64.Build.0 = Debug|x64
		{A82C8AF6-A435-4DDC-9ED0-2F4CE120A34C}.Debug|x86.ActiveCfg = Debug|Win32
		{A82C8AF6-A435-4DDC-9ED0-2F4CE120A34C}.Debug|x86.Build.0 = Debug|Win32
		{A82C8AF6-A435-4DDC-9ED0-2F4CE120A34C}.Release|x64.ActiveCfg = Release|x64
		{A82C8AF6-A435-4DDC-9ED0-2F4CE120A34C}.Release|x64.Build.0 = Release|x64
		{A82C8AF6-A435-4DDC-9ED0-2F4CE120A34C}.Release|x86.ActiveCfg = Release|Win32
		{A82C8AF6-A435-4DDC-9ED0-2F4CE120A34C}.Release|x86.Build.0 = Release|Win32
		{26B280BD-67FB-44B8-80AA-0727F73B87D5}.Debug|x64.ActiveCfg = Debug|x64
		{26B280BD-67FB-44B8-80AA-0727F73B87D5}.Debug|x64.Build.0 = Debug|x64
		{26B280BD-67FB-44B8-80AA-0727F73B87D5}.Debug|x86.ActiveCfg = Debug|Win32
		{26B280BD-67FB-44B8-80AA-0727F73B87D5}.Debug|x86.Build.0 = Debug|Win32
		{26B280BD-67FB-44B8-80AA-0727F73B87D5}.Release|x64.ActiveCfg = Release|x64
		{26B280BD-67FB-44B8-80AA-0727F73B87D5}.Release|x64.Build.0 = Release|x64
		{26B280BD-67FB-44B8-80AA-0727F73B87D5}.Release|x86.ActiveCfg = Release|Win32
		{26B280BD-67FB-44B8-80AA-0727F73B87D5}.Release|x86.Build.0 = Release|Win32
		{1BA4C017-83AD-4781-9AFA-6B288CAD9F72}.Debug|x64.ActiveCfg = Debug|x64
		{1BA4C017-83AD-4781-9AFA-6B288CAD9F72}.Debug|x64.Build.0 = Debug|x64
		{1BA4C017-83AD-4781-9AFA-6B288CAD9F72}.Debug|x86.ActiveCfg = Debug|Win32
		{1BA4C017-83AD-4781-9AFA-6B288CAD9F72}.Debug|x86.Build.0 = Debug|Win32
		{1BA4C017-83AD-4781-9AFA-6B288CAD9F72}.Release|x64.ActiveCfg = Release|x64
		{1BA4C017-83AD-4781-9AFA-6B288CAD9F72}.Release|x64.Build.0 = Release|x64
		{1BA4C017-83AD-4781-9AFA-6B288CAD9F72}.Release|x86.ActiveCfg = Release|Win32
		{1BA4C017-83AD-4781-9AFA-6B288CAD9F72}.Release|x86.Build.0 = Release|Win32
		{3BEA7270-7F92-4AF6-96FA-8E520AAE5E2E}.Debug|x64.ActiveCfg = Debug|x64
		{3BEA7270-7F92-4AF6-96FA-8E520AAE5E2E}.Debug|x64.Build.0 = Debug|x64
		{3BEA7270-7F92-4AF6-96FA-8E520AAE5E2E}.Debug|x86.ActiveCfg = Debug|Win32
		{3BEA7270-7F92-4AF6-96FA-8E520AAE5E2E}.Debug|x86.Build.0 = Debug|Win32
		{3BEA7270-7F92-4AF6-96FA-8E520AAE5E2E}.Release|x64.ActiveCfg = Release|x64
		{3BEA7270-7F92-4AF6-96FA-8E520AAE5E2E}.Release|x64.Build.0 = Release|x64
		{3BEA7270-7F92-4AF6-96FA-8E520AAE5E2E}.Release|x86.ActiveCfg = Release|Win32
		{3BEA7270-7F92-4AF6-96FA-8E520AAE5E2E}.Release|x86.Build.0 = Release|Win32
		{C8007D66-A0E8-45A8-A611-170EC81029B6}.Debug|x64.ActiveCfg = Debug|x64
		{C8007D66-A0E8-45A8-A611-170EC81029B6}.Debug|x64.Build.0 = Debug|x64
		{C8007D66-A0E8-45A8-A611-170EC81029B6}.Debug|x86.ActiveCfg = Debug|Win32
		{C8007D66-A0E8-45A8-A611-170EC81029B6}.Debug|x86.Build.0 = Debug|Win32
		{C8007D66-A0E8-45A8-A611-170EC81029B6}.Release|x64.ActiveCfg = Release|x64
		{C8007D66-A0E8-45A8-A611-170EC81029B6}.Release|x64.Build.0 = Release|x64
		{C8007D66-A0E8-45A8-A611-170EC81029B6}.Release|x86.ActiveCfg = Release|Win32
		{C8007D66-A0E8-45A8-A611-170EC81029B6}.Release|x86.Build.0 = Release|Win32
		{E2B72947-113D-4A38-89B5-5B8338D9D0A1}.Debug|x64.ActiveCfg = Debug|x64
		{E2B72947-113D-4A38-89B5-5B8338D9D0A1}.Debug|x64.Build.0 = Debug|x64
		{E2B72947-113D-4A38-89B5-5B8338D9D0A1}.Debug|x86.ActiveCfg = Debug|Win32
		{E2B72947-113D-4A38-89B5-5B8338D9D0A1}.Debug|x86.Build.0 = Debug|Win32
		{E2B72947-113D-4A38-89B5-5B8338D9D0A1}.Release|x64.ActiveCfg = Release|x64
		{E2B72947-113D-4A38-89B5-5B8338D9D0A1}.Release|x64.Build.0 = Release|x64
		{E2B72947-113D-4A38-89B5-5B8338D9D0A1}.Release|x86.ActiveCfg = Release|Win32
		{E2B72947-113D-4A38-89B5-5B8338D9D0A1}.Release|x86.Build.0 = Release|Win32
		{7938074F-F6D5-4094-BF3A-67D3E7B3A50B}.Debug|x64.ActiveCfg = Debug|x64
		{7938074F-F6D5-4094-BF3A-67D3E7B3A50B}.Debug|x64.Build.0 = Debug|x64
		{7938074F-F6D5-4094-BF3A-67D3E7B3A50B}.Debug|x86.ActiveCfg = Debug|Win32
		{7938074F-F6D5-4094-BF3A-67D3E7B3A50B}.Debug|x86.Build.0 = Debug|Win32
		{7938074F-F6D5-4094-BF3A-67D3E7B3A50B}.Release|x64.ActiveCfg = Release|x64
		{7938074F-F6D5-4094-BF3A-67D3E7B3A50B}.Release|x64.Build.0 = Release|x64
		{7938074F-F6D5-4094-BF3A-67D3E7B3A50B}.Release|x86.ActiveCfg = Release|Win32
		{7938074F-F6D5-4094-BF3A-67D3E7B3A50B}.Release|x86.Build.0 = Release|Win32
		{E3F5E3CF-38C0-4ABC-88D6-58B12C295A79}.Debug|x64.ActiveCfg = Debug|x64
		{E3F5E3CF-38C0-4ABC-88D6-58B12C295A79}.Debug|x64.Build.0 = Debug|x64
		{E3F5E3CF-38C0-4ABC-88D6-58B12C295A79}.Debug|x86.ActiveCfg = Debug|Win32
		{E3F5E3CF-38C0-4ABC-88D6-58B12C295A79}.Debug|x86.Build.0 = Debug|Win32
		{E3F5E3CF-38C0-4ABC-88D6-58B12C295A79}.Release|x64.ActiveCfg = Release|x64
		{E3F5E3CF-38C0-4ABC-88D6-58B12C295A79}.Release|x64.Build.0 = Release|x64
		{E3F5E3CF-38C0-4ABC-88D6-58B12C295A79}.Release|x86.ActiveCfg = Release|Win32
		{E3F5E3CF-38C0-4ABC-88D6-58B12C295A79}.Release|x86.Build.0 = Release|Win32
		{6A1B5225-894E-4BCF-A18D-07757EED19AC}.Debug|x64.ActiveCfg = Debug|x64
		{6A1B5225-894E-4BCF-A18D-07757EED19AC}.Debug|x64.Build.0 = Debug|x64
		{6A1B5225-894E-4BCF-A18D-07757EED19AC}.Debug|x86.ActiveCfg = Debug|Win32
		{6A1B5225-894E-4BCF-A18D-07757EED19AC}.Debug|x86.Build.0 = Debug|Win32
		{6A1B5225-894E-4BCF-A18D-07757EED19AC}.Release|x64.ActiveCfg = Release|x64
		{6A1B5225-894E-4BCF-A18D-07757EED19AC}.Release|x64.Build.0 = Release|x64
		{6A1B5225-894E-4BCF-A18D-07757EED19AC}.Release|x86.ActiveCfg = Release|Win32
		{6A1B5225-894E-4BCF-A18D-07757EED19AC}.Release|x86.Build.0 = Release|Win32
		{2573A753-7CA3-4DB0-A02B-609002D70018}.Debug|x64.ActiveCfg = Debug|x64
		{2573A753-7CA3-4DB0-A02B-609002D70018}.Debug|x64.Build.0 = Debug|x64
		{2573A753-7CA3-4DB0-A02B-609002D70018}.Debug|x86.ActiveCfg = Debug|Win32
		{2573A753-7CA3-4DB0-A02B-609002D70018}.Debug|x86.Build.0 = Debug|Win32
		{2573A753-7CA3-4DB0-A02B-609002D70018}.Release|x64.ActiveCfg = Release|x64
		{2573A753-7CA3-4DB0-A02B-609002D70018}.Release|x64.Build.0 = Release|x64
		{2573A753-7CA3-4DB0-A02B-609002D70018}.Release|x86.ActiveCfg = Release|Win32
		{2573A753-7CA3-4DB0-A02B-609002D70018}.Release|x86.Build.0 = Release|Win32
	EndGlobalSection
	GlobalSection(SolutionProperties) = preSolution
		HideSolutionNode = FALSE
	EndGlobalSection
	GlobalSection(ExtensibilityGlobals) = postSolution
		SolutionGuid = {9C82BEBE-8DCA-4DED-8639-68538FF67122}
	EndGlobalSection
EndGlobal
