
Microsoft Visual Studio Solution File, Format Version 12.00
# Visual Studio 15
VisualStudioVersion = 15.0.27130.2027
MinimumVisualStudioVersion = 10.0.40219.1
Project("{8BC9CEB8-8B4A-11D0-8D11-00A0C91BC942}") = "ex1", "ex1\ex1.vcxproj", "{44699015-936A-4A81-8826-B7B0FC00EC09}"
EndProject
Project("{8BC9CEB8-8B4A-11D0-8D11-00A0C91BC942}") = "ex2", "ex2\ex2.vcxproj", "{05B9BEDF-0E82-4DCE-BAAF-3F3037785296}"
EndProject
Project("{8BC9CEB8-8B4A-11D0-8D11-00A0C91BC942}") = "ex3", "ex3\ex3.vcxproj", "{63803F6C-44E7-42A4-A870-36C03C59FEEA}"
EndProject
Project("{8BC9CEB8-8B4A-11D0-8D11-00A0C91BC942}") = "ex4", "ex4\ex4.vcxproj", "{B70974EF-9228-45EF-BF85-7F72244849DF}"
EndProject
Project("{8BC9CEB8-8B4A-11D0-8D11-00A0C91BC942}") = "ex5", "ex5\ex5.vcxproj", "{050367CD-B9B5-47B9-AC0B-C52BC377E7E2}"
EndProject
Project("{8BC9CEB8-8B4A-11D0-8D11-00A0C91BC942}") = "ex6", "ex6\ex6.vcxproj", "{9655F72A-EA09-4D4F-868E-75B6B4F237B3}"
EndProject
Project("{8BC9CEB8-8B4A-11D0-8D11-00A0C91BC942}") = "ex7", "ex7\ex7.vcxproj", "{72718F13-206A-404A-A940-2D8FC7D000A9}"
EndProject
Project("{8BC9CEB8-8B4A-11D0-8D11-00A0C91BC942}") = "ex8", "ex8\ex8.vcxproj", "{DBE9A91C-B7B3-411B-914D-B6B5A9F00237}"
EndProject
Project("{8BC9CEB8-8B4A-11D0-8D11-00A0C91BC942}") = "ex9", "ex9\ex9.vcxproj", "{A017F1FC-D80E-46E4-8465-6E839ECF2012}"
EndProject
Project("{8BC9CEB8-8B4A-11D0-8D11-00A0C91BC942}") = "ex10", "ex10\ex10.vcxproj", "{89199190-D2FD-4804-B1F9-DAC72A70D385}"
EndProject
Project("{8BC9CEB8-8B4A-11D0-8D11-00A0C91BC942}") = "ex11", "ex11\ex11.vcxproj", "{4C73B78E-56A2-464A-A5C2-93C560423670}"
EndProject
Project("{8BC9CEB8-8B4A-11D0-8D11-00A0C91BC942}") = "ex12", "ex12\ex12.vcxproj", "{1D935F96-E3F3-4F0E-96AD-2F4740BF7A1C}"
EndProject
Global
	GlobalSection(SolutionConfigurationPlatforms) = preSolution
		Debug|x64 = Debug|x64
		Debug|x86 = Debug|x86
		Release|x64 = Release|x64
		Release|x86 = Release|x86
	EndGlobalSection
	GlobalSection(ProjectConfigurationPlatforms) = postSolution
		{44699015-936A-4A81-8826-B7B0FC00EC09}.Debug|x64.ActiveCfg = Debug|x64
		{44699015-936A-4A81-8826-B7B0FC00EC09}.Debug|x64.Build.0 = Debug|x64
		{44699015-936A-4A81-8826-B7B0FC00EC09}.Debug|x86.ActiveCfg = Debug|Win32
		{44699015-936A-4A81-8826-B7B0FC00EC09}.Debug|x86.Build.0 = Debug|Win32
		{44699015-936A-4A81-8826-B7B0FC00EC09}.Release|x64.ActiveCfg = Release|x64
		{44699015-936A-4A81-8826-B7B0FC00EC09}.Release|x64.Build.0 = Release|x64
		{44699015-936A-4A81-8826-B7B0FC00EC09}.Release|x86.ActiveCfg = Release|Win32
		{44699015-936A-4A81-8826-B7B0FC00EC09}.Release|x86.Build.0 = Release|Win32
		{05B9BEDF-0E82-4DCE-BAAF-3F3037785296}.Debug|x64.ActiveCfg = Debug|x64
		{05B9BEDF-0E82-4DCE-BAAF-3F3037785296}.Debug|x64.Build.0 = Debug|x64
		{05B9BEDF-0E82-4DCE-BAAF-3F3037785296}.Debug|x86.ActiveCfg = Debug|Win32
		{05B9BEDF-0E82-4DCE-BAAF-3F3037785296}.Debug|x86.Build.0 = Debug|Win32
		{05B9BEDF-0E82-4DCE-BAAF-3F3037785296}.Release|x64.ActiveCfg = Release|x64
		{05B9BEDF-0E82-4DCE-BAAF-3F3037785296}.Release|x64.Build.0 = Release|x64
		{05B9BEDF-0E82-4DCE-BAAF-3F3037785296}.Release|x86.ActiveCfg = Release|Win32
		{05B9BEDF-0E82-4DCE-BAAF-3F3037785296}.Release|x86.Build.0 = Release|Win32
		{63803F6C-44E7-42A4-A870-36C03C59FEEA}.Debug|x64.ActiveCfg = Debug|x64
		{63803F6C-44E7-42A4-A870-36C03C59FEEA}.Debug|x64.Build.0 = Debug|x64
		{63803F6C-44E7-42A4-A870-36C03C59FEEA}.Debug|x86.ActiveCfg = Debug|Win32
		{63803F6C-44E7-42A4-A870-36C03C59FEEA}.Debug|x86.Build.0 = Debug|Win32
		{63803F6C-44E7-42A4-A870-36C03C59FEEA}.Release|x64.ActiveCfg = Release|x64
		{63803F6C-44E7-42A4-A870-36C03C59FEEA}.Release|x64.Build.0 = Release|x64
		{63803F6C-44E7-42A4-A870-36C03C59FEEA}.Release|x86.ActiveCfg = Release|Win32
		{63803F6C-44E7-42A4-A870-36C03C59FEEA}.Release|x86.Build.0 = Release|Win32
		{B70974EF-9228-45EF-BF85-7F72244849DF}.Debug|x64.ActiveCfg = Debug|x64
		{B70974EF-9228-45EF-BF85-7F72244849DF}.Debug|x64.Build.0 = Debug|x64
		{B70974EF-9228-45EF-BF85-7F72244849DF}.Debug|x86.ActiveCfg = Debug|Win32
		{B70974EF-9228-45EF-BF85-7F72244849DF}.Debug|x86.Build.0 = Debug|Win32
		{B70974EF-9228-45EF-BF85-7F72244849DF}.Release|x64.ActiveCfg = Release|x64
		{B70974EF-9228-45EF-BF85-7F72244849DF}.Release|x64.Build.0 = Release|x64
		{B70974EF-9228-45EF-BF85-7F72244849DF}.Release|x86.ActiveCfg = Release|Win32
		{B70974EF-9228-45EF-BF85-7F72244849DF}.Release|x86.Build.0 = Release|Win32
		{050367CD-B9B5-47B9-AC0B-C52BC377E7E2}.Debug|x64.ActiveCfg = Debug|x64
		{050367CD-B9B5-47B9-AC0B-C52BC377E7E2}.Debug|x64.Build.0 = Debug|x64
		{050367CD-B9B5-47B9-AC0B-C52BC377E7E2}.Debug|x86.ActiveCfg = Debug|Win32
		{050367CD-B9B5-47B9-AC0B-C52BC377E7E2}.Debug|x86.Build.0 = Debug|Win32
		{050367CD-B9B5-47B9-AC0B-C52BC377E7E2}.Release|x64.ActiveCfg = Release|x64
		{050367CD-B9B5-47B9-AC0B-C52BC377E7E2}.Release|x64.Build.0 = Release|x64
		{050367CD-B9B5-47B9-AC0B-C52BC377E7E2}.Release|x86.ActiveCfg = Release|Win32
		{050367CD-B9B5-47B9-AC0B-C52BC377E7E2}.Release|x86.Build.0 = Release|Win32
		{9655F72A-EA09-4D4F-868E-75B6B4F237B3}.Debug|x64.ActiveCfg = Debug|x64
		{9655F72A-EA09-4D4F-868E-75B6B4F237B3}.Debug|x64.Build.0 = Debug|x64
		{9655F72A-EA09-4D4F-868E-75B6B4F237B3}.Debug|x86.ActiveCfg = Debug|Win32
		{9655F72A-EA09-4D4F-868E-75B6B4F237B3}.Debug|x86.Build.0 = Debug|Win32
		{9655F72A-EA09-4D4F-868E-75B6B4F237B3}.Release|x64.ActiveCfg = Release|x64
		{9655F72A-EA09-4D4F-868E-75B6B4F237B3}.Release|x64.Build.0 = Release|x64
		{9655F72A-EA09-4D4F-868E-75B6B4F237B3}.Release|x86.ActiveCfg = Release|Win32
		{9655F72A-EA09-4D4F-868E-75B6B4F237B3}.Release|x86.Build.0 = Release|Win32
		{72718F13-206A-404A-A940-2D8FC7D000A9}.Debug|x64.ActiveCfg = Debug|x64
		{72718F13-206A-404A-A940-2D8FC7D000A9}.Debug|x64.Build.0 = Debug|x64
		{72718F13-206A-404A-A940-2D8FC7D000A9}.Debug|x86.ActiveCfg = Debug|Win32
		{72718F13-206A-404A-A940-2D8FC7D000A9}.Debug|x86.Build.0 = Debug|Win32
		{72718F13-206A-404A-A940-2D8FC7D000A9}.Release|x64.ActiveCfg = Release|x64
		{72718F13-206A-404A-A940-2D8FC7D000A9}.Release|x64.Build.0 = Release|x64
		{72718F13-206A-404A-A940-2D8FC7D000A9}.Release|x86.ActiveCfg = Release|Win32
		{72718F13-206A-404A-A940-2D8FC7D000A9}.Release|x86.Build.0 = Release|Win32
		{DBE9A91C-B7B3-411B-914D-B6B5A9F00237}.Debug|x64.ActiveCfg = Debug|x64
		{DBE9A91C-B7B3-411B-914D-B6B5A9F00237}.Debug|x64.Build.0 = Debug|x64
		{DBE9A91C-B7B3-411B-914D-B6B5A9F00237}.Debug|x86.ActiveCfg = Debug|Win32
		{DBE9A91C-B7B3-411B-914D-B6B5A9F00237}.Debug|x86.Build.0 = Debug|Win32
		{DBE9A91C-B7B3-411B-914D-B6B5A9F00237}.Release|x64.ActiveCfg = Release|x64
		{DBE9A91C-B7B3-411B-914D-B6B5A9F00237}.Release|x64.Build.0 = Release|x64
		{DBE9A91C-B7B3-411B-914D-B6B5A9F00237}.Release|x86.ActiveCfg = Release|Win32
		{DBE9A91C-B7B3-411B-914D-B6B5A9F00237}.Release|x86.Build.0 = Release|Win32
		{A017F1FC-D80E-46E4-8465-6E839ECF2012}.Debug|x64.ActiveCfg = Debug|x64
		{A017F1FC-D80E-46E4-8465-6E839ECF2012}.Debug|x64.Build.0 = Debug|x64
		{A017F1FC-D80E-46E4-8465-6E839ECF2012}.Debug|x86.ActiveCfg = Debug|Win32
		{A017F1FC-D80E-46E4-8465-6E839ECF2012}.Debug|x86.Build.0 = Debug|Win32
		{A017F1FC-D80E-46E4-8465-6E839ECF2012}.Release|x64.ActiveCfg = Release|x64
		{A017F1FC-D80E-46E4-8465-6E839ECF2012}.Release|x64.Build.0 = Release|x64
		{A017F1FC-D80E-46E4-8465-6E839ECF2012}.Release|x86.ActiveCfg = Release|Win32
		{A017F1FC-D80E-46E4-8465-6E839ECF2012}.Release|x86.Build.0 = Release|Win32
		{89199190-D2FD-4804-B1F9-DAC72A70D385}.Debug|x64.ActiveCfg = Debug|x64
		{89199190-D2FD-4804-B1F9-DAC72A70D385}.Debug|x64.Build.0 = Debug|x64
		{89199190-D2FD-4804-B1F9-DAC72A70D385}.Debug|x86.ActiveCfg = Debug|Win32
		{89199190-D2FD-4804-B1F9-DAC72A70D385}.Debug|x86.Build.0 = Debug|Win32
		{89199190-D2FD-4804-B1F9-DAC72A70D385}.Release|x64.ActiveCfg = Release|x64
		{89199190-D2FD-4804-B1F9-DAC72A70D385}.Release|x64.Build.0 = Release|x64
		{89199190-D2FD-4804-B1F9-DAC72A70D385}.Release|x86.ActiveCfg = Release|Win32
		{89199190-D2FD-4804-B1F9-DAC72A70D385}.Release|x86.Build.0 = Release|Win32
		{4C73B78E-56A2-464A-A5C2-93C560423670}.Debug|x64.ActiveCfg = Debug|x64
		{4C73B78E-56A2-464A-A5C2-93C560423670}.Debug|x64.Build.0 = Debug|x64
		{4C73B78E-56A2-464A-A5C2-93C560423670}.Debug|x86.ActiveCfg = Debug|Win32
		{4C73B78E-56A2-464A-A5C2-93C560423670}.Debug|x86.Build.0 = Debug|Win32
		{4C73B78E-56A2-464A-A5C2-93C560423670}.Release|x64.ActiveCfg = Release|x64
		{4C73B78E-56A2-464A-A5C2-93C560423670}.Release|x64.Build.0 = Release|x64
		{4C73B78E-56A2-464A-A5C2-93C560423670}.Release|x86.ActiveCfg = Release|Win32
		{4C73B78E-56A2-464A-A5C2-93C560423670}.Release|x86.Build.0 = Release|Win32
		{1D935F96-E3F3-4F0E-96AD-2F4740BF7A1C}.Debug|x64.ActiveCfg = Debug|x64
		{1D935F96-E3F3-4F0E-96AD-2F4740BF7A1C}.Debug|x64.Build.0 = Debug|x64
		{1D935F96-E3F3-4F0E-96AD-2F4740BF7A1C}.Debug|x86.ActiveCfg = Debug|Win32
		{1D935F96-E3F3-4F0E-96AD-2F4740BF7A1C}.Debug|x86.Build.0 = Debug|Win32
		{1D935F96-E3F3-4F0E-96AD-2F4740BF7A1C}.Release|x64.ActiveCfg = Release|x64
		{1D935F96-E3F3-4F0E-96AD-2F4740BF7A1C}.Release|x64.Build.0 = Release|x64
		{1D935F96-E3F3-4F0E-96AD-2F4740BF7A1C}.Release|x86.ActiveCfg = Release|Win32
		{1D935F96-E3F3-4F0E-96AD-2F4740BF7A1C}.Release|x86.Build.0 = Release|Win32
	EndGlobalSection
	GlobalSection(SolutionProperties) = preSolution
		HideSolutionNode = FALSE
	EndGlobalSection
	GlobalSection(ExtensibilityGlobals) = postSolution
		SolutionGuid = {395CC152-F803-4A22-B89C-F1D4D8D20E61}
	EndGlobalSection
EndGlobal
