
Microsoft Visual Studio Solution File, Format Version 12.00
# Visual Studio 15
VisualStudioVersion = 15.0.27130.2027
MinimumVisualStudioVersion = 10.0.40219.1
Project("{8BC9CEB8-8B4A-11D0-8D11-00A0C91BC942}") = "ex1", "ex1\ex1.vcxproj", "{C6E71F97-6F6D-4459-899C-FE26BB9E6C80}"
EndProject
Project("{8BC9CEB8-8B4A-11D0-8D11-00A0C91BC942}") = "ex2", "ex2\ex2.vcxproj", "{D5E5F779-4E4C-4910-806E-91E458C1B87E}"
EndProject
Project("{8BC9CEB8-8B4A-11D0-8D11-00A0C91BC942}") = "ex3", "ex3\ex3.vcxproj", "{8D838CDF-9A5E-40BE-A874-22A10B8E383F}"
EndProject
Project("{8BC9CEB8-8B4A-11D0-8D11-00A0C91BC942}") = "ex4", "ex4\ex4.vcxproj", "{1057E0E1-86B3-411D-9099-7F0FD59C89CD}"
EndProject
Project("{8BC9CEB8-8B4A-11D0-8D11-00A0C91BC942}") = "ex5", "ex5\ex5.vcxproj", "{5F6BDA14-4255-4721-A3FB-2E18D959F2A8}"
EndProject
Project("{8BC9CEB8-8B4A-11D0-8D11-00A0C91BC942}") = "ex6", "ex6\ex6.vcxproj", "{7158F034-15EA-47DA-8B48-B952BBA60491}"
EndProject
Project("{8BC9CEB8-8B4A-11D0-8D11-00A0C91BC942}") = "ex7", "ex7\ex7.vcxproj", "{BCD31FAB-7598-4B7C-A960-FC4543410FB5}"
EndProject
Project("{8BC9CEB8-8B4A-11D0-8D11-00A0C91BC942}") = "ex8", "ex8\ex8.vcxproj", "{869C07D5-0D9E-428E-95C8-DC7A091B885C}"
EndProject
Project("{8BC9CEB8-8B4A-11D0-8D11-00A0C91BC942}") = "ex9", "ex9\ex9.vcxproj", "{E563BFE4-EEDA-44F6-B15C-C72F6A6927E6}"
EndProject
Project("{8BC9CEB8-8B4A-11D0-8D11-00A0C91BC942}") = "ex10", "ex10\ex10.vcxproj", "{47C6BA77-1F87-47C6-B975-A12D73F0F131}"
EndProject
Project("{8BC9CEB8-8B4A-11D0-8D11-00A0C91BC942}") = "ex11", "ex11\ex11.vcxproj", "{23CFEAC4-D5AE-437C-A63B-3DF2A7784532}"
EndProject
Project("{8BC9CEB8-8B4A-11D0-8D11-00A0C91BC942}") = "ex12", "ex12\ex12.vcxproj", "{64AAB6BC-9842-4BC7-870F-4CF386010284}"
EndProject
Global
	GlobalSection(SolutionConfigurationPlatforms) = preSolution
		Debug|x64 = Debug|x64
		Debug|x86 = Debug|x86
		Release|x64 = Release|x64
		Release|x86 = Release|x86
	EndGlobalSection
	GlobalSection(ProjectConfigurationPlatforms) = postSolution
		{C6E71F97-6F6D-4459-899C-FE26BB9E6C80}.Debug|x64.ActiveCfg = Debug|x64
		{C6E71F97-6F6D-4459-899C-FE26BB9E6C80}.Debug|x64.Build.0 = Debug|x64
		{C6E71F97-6F6D-4459-899C-FE26BB9E6C80}.Debug|x86.ActiveCfg = Debug|Win32
		{C6E71F97-6F6D-4459-899C-FE26BB9E6C80}.Debug|x86.Build.0 = Debug|Win32
		{C6E71F97-6F6D-4459-899C-FE26BB9E6C80}.Release|x64.ActiveCfg = Release|x64
		{C6E71F97-6F6D-4459-899C-FE26BB9E6C80}.Release|x64.Build.0 = Release|x64
		{C6E71F97-6F6D-4459-899C-FE26BB9E6C80}.Release|x86.ActiveCfg = Release|Win32
		{C6E71F97-6F6D-4459-899C-FE26BB9E6C80}.Release|x86.Build.0 = Release|Win32
		{D5E5F779-4E4C-4910-806E-91E458C1B87E}.Debug|x64.ActiveCfg = Debug|x64
		{D5E5F779-4E4C-4910-806E-91E458C1B87E}.Debug|x64.Build.0 = Debug|x64
		{D5E5F779-4E4C-4910-806E-91E458C1B87E}.Debug|x86.ActiveCfg = Debug|Win32
		{D5E5F779-4E4C-4910-806E-91E458C1B87E}.Debug|x86.Build.0 = Debug|Win32
		{D5E5F779-4E4C-4910-806E-91E458C1B87E}.Release|x64.ActiveCfg = Release|x64
		{D5E5F779-4E4C-4910-806E-91E458C1B87E}.Release|x64.Build.0 = Release|x64
		{D5E5F779-4E4C-4910-806E-91E458C1B87E}.Release|x86.ActiveCfg = Release|Win32
		{D5E5F779-4E4C-4910-806E-91E458C1B87E}.Release|x86.Build.0 = Release|Win32
		{8D838CDF-9A5E-40BE-A874-22A10B8E383F}.Debug|x64.ActiveCfg = Debug|x64
		{8D838CDF-9A5E-40BE-A874-22A10B8E383F}.Debug|x64.Build.0 = Debug|x64
		{8D838CDF-9A5E-40BE-A874-22A10B8E383F}.Debug|x86.ActiveCfg = Debug|Win32
		{8D838CDF-9A5E-40BE-A874-22A10B8E383F}.Debug|x86.Build.0 = Debug|Win32
		{8D838CDF-9A5E-40BE-A874-22A10B8E383F}.Release|x64.ActiveCfg = Release|x64
		{8D838CDF-9A5E-40BE-A874-22A10B8E383F}.Release|x64.Build.0 = Release|x64
		{8D838CDF-9A5E-40BE-A874-22A10B8E383F}.Release|x86.ActiveCfg = Release|Win32
		{8D838CDF-9A5E-40BE-A874-22A10B8E383F}.Release|x86.Build.0 = Release|Win32
		{1057E0E1-86B3-411D-9099-7F0FD59C89CD}.Debug|x64.ActiveCfg = Debug|x64
		{1057E0E1-86B3-411D-9099-7F0FD59C89CD}.Debug|x64.Build.0 = Debug|x64
		{1057E0E1-86B3-411D-9099-7F0FD59C89CD}.Debug|x86.ActiveCfg = Debug|Win32
		{1057E0E1-86B3-411D-9099-7F0FD59C89CD}.Debug|x86.Build.0 = Debug|Win32
		{1057E0E1-86B3-411D-9099-7F0FD59C89CD}.Release|x64.ActiveCfg = Release|x64
		{1057E0E1-86B3-411D-9099-7F0FD59C89CD}.Release|x64.Build.0 = Release|x64
		{1057E0E1-86B3-411D-9099-7F0FD59C89CD}.Release|x86.ActiveCfg = Release|Win32
		{1057E0E1-86B3-411D-9099-7F0FD59C89CD}.Release|x86.Build.0 = Release|Win32
		{5F6BDA14-4255-4721-A3FB-2E18D959F2A8}.Debug|x64.ActiveCfg = Debug|x64
		{5F6BDA14-4255-4721-A3FB-2E18D959F2A8}.Debug|x64.Build.0 = Debug|x64
		{5F6BDA14-4255-4721-A3FB-2E18D959F2A8}.Debug|x86.ActiveCfg = Debug|Win32
		{5F6BDA14-4255-4721-A3FB-2E18D959F2A8}.Debug|x86.Build.0 = Debug|Win32
		{5F6BDA14-4255-4721-A3FB-2E18D959F2A8}.Release|x64.ActiveCfg = Release|x64
		{5F6BDA14-4255-4721-A3FB-2E18D959F2A8}.Release|x64.Build.0 = Release|x64
		{5F6BDA14-4255-4721-A3FB-2E18D959F2A8}.Release|x86.ActiveCfg = Release|Win32
		{5F6BDA14-4255-4721-A3FB-2E18D959F2A8}.Release|x86.Build.0 = Release|Win32
		{7158F034-15EA-47DA-8B48-B952BBA60491}.Debug|x64.ActiveCfg = Debug|x64
		{7158F034-15EA-47DA-8B48-B952BBA60491}.Debug|x64.Build.0 = Debug|x64
		{7158F034-15EA-47DA-8B48-B952BBA60491}.Debug|x86.ActiveCfg = Debug|Win32
		{7158F034-15EA-47DA-8B48-B952BBA60491}.Debug|x86.Build.0 = Debug|Win32
		{7158F034-15EA-47DA-8B48-B952BBA60491}.Release|x64.ActiveCfg = Release|x64
		{7158F034-15EA-47DA-8B48-B952BBA60491}.Release|x64.Build.0 = Release|x64
		{7158F034-15EA-47DA-8B48-B952BBA60491}.Release|x86.ActiveCfg = Release|Win32
		{7158F034-15EA-47DA-8B48-B952BBA60491}.Release|x86.Build.0 = Release|Win32
		{BCD31FAB-7598-4B7C-A960-FC4543410FB5}.Debug|x64.ActiveCfg = Debug|x64
		{BCD31FAB-7598-4B7C-A960-FC4543410FB5}.Debug|x64.Build.0 = Debug|x64
		{BCD31FAB-7598-4B7C-A960-FC4543410FB5}.Debug|x86.ActiveCfg = Debug|Win32
		{BCD31FAB-7598-4B7C-A960-FC4543410FB5}.Debug|x86.Build.0 = Debug|Win32
		{BCD31FAB-7598-4B7C-A960-FC4543410FB5}.Release|x64.ActiveCfg = Release|x64
		{BCD31FAB-7598-4B7C-A960-FC4543410FB5}.Release|x64.Build.0 = Release|x64
		{BCD31FAB-7598-4B7C-A960-FC4543410FB5}.Release|x86.ActiveCfg = Release|Win32
		{BCD31FAB-7598-4B7C-A960-FC4543410FB5}.Release|x86.Build.0 = Release|Win32
		{869C07D5-0D9E-428E-95C8-DC7A091B885C}.Debug|x64.ActiveCfg = Debug|x64
		{869C07D5-0D9E-428E-95C8-DC7A091B885C}.Debug|x64.Build.0 = Debug|x64
		{869C07D5-0D9E-428E-95C8-DC7A091B885C}.Debug|x86.ActiveCfg = Debug|Win32
		{869C07D5-0D9E-428E-95C8-DC7A091B885C}.Debug|x86.Build.0 = Debug|Win32
		{869C07D5-0D9E-428E-95C8-DC7A091B885C}.Release|x64.ActiveCfg = Release|x64
		{869C07D5-0D9E-428E-95C8-DC7A091B885C}.Release|x64.Build.0 = Release|x64
		{869C07D5-0D9E-428E-95C8-DC7A091B885C}.Release|x86.ActiveCfg = Release|Win32
		{869C07D5-0D9E-428E-95C8-DC7A091B885C}.Release|x86.Build.0 = Release|Win32
		{E563BFE4-EEDA-44F6-B15C-C72F6A6927E6}.Debug|x64.ActiveCfg = Debug|x64
		{E563BFE4-EEDA-44F6-B15C-C72F6A6927E6}.Debug|x64.Build.0 = Debug|x64
		{E563BFE4-EEDA-44F6-B15C-C72F6A6927E6}.Debug|x86.ActiveCfg = Debug|Win32
		{E563BFE4-EEDA-44F6-B15C-C72F6A6927E6}.Debug|x86.Build.0 = Debug|Win32
		{E563BFE4-EEDA-44F6-B15C-C72F6A6927E6}.Release|x64.ActiveCfg = Release|x64
		{E563BFE4-EEDA-44F6-B15C-C72F6A6927E6}.Release|x64.Build.0 = Release|x64
		{E563BFE4-EEDA-44F6-B15C-C72F6A6927E6}.Release|x86.ActiveCfg = Release|Win32
		{E563BFE4-EEDA-44F6-B15C-C72F6A6927E6}.Release|x86.Build.0 = Release|Win32
		{47C6BA77-1F87-47C6-B975-A12D73F0F131}.Debug|x64.ActiveCfg = Debug|x64
		{47C6BA77-1F87-47C6-B975-A12D73F0F131}.Debug|x64.Build.0 = Debug|x64
		{47C6BA77-1F87-47C6-B975-A12D73F0F131}.Debug|x86.ActiveCfg = Debug|Win32
		{47C6BA77-1F87-47C6-B975-A12D73F0F131}.Debug|x86.Build.0 = Debug|Win32
		{47C6BA77-1F87-47C6-B975-A12D73F0F131}.Release|x64.ActiveCfg = Release|x64
		{47C6BA77-1F87-47C6-B975-A12D73F0F131}.Release|x64.Build.0 = Release|x64
		{47C6BA77-1F87-47C6-B975-A12D73F0F131}.Release|x86.ActiveCfg = Release|Win32
		{47C6BA77-1F87-47C6-B975-A12D73F0F131}.Release|x86.Build.0 = Release|Win32
		{23CFEAC4-D5AE-437C-A63B-3DF2A7784532}.Debug|x64.ActiveCfg = Debug|x64
		{23CFEAC4-D5AE-437C-A63B-3DF2A7784532}.Debug|x64.Build.0 = Debug|x64
		{23CFEAC4-D5AE-437C-A63B-3DF2A7784532}.Debug|x86.ActiveCfg = Debug|Win32
		{23CFEAC4-D5AE-437C-A63B-3DF2A7784532}.Debug|x86.Build.0 = Debug|Win32
		{23CFEAC4-D5AE-437C-A63B-3DF2A7784532}.Release|x64.ActiveCfg = Release|x64
		{23CFEAC4-D5AE-437C-A63B-3DF2A7784532}.Release|x64.Build.0 = Release|x64
		{23CFEAC4-D5AE-437C-A63B-3DF2A7784532}.Release|x86.ActiveCfg = Release|Win32
		{23CFEAC4-D5AE-437C-A63B-3DF2A7784532}.Release|x86.Build.0 = Release|Win32
		{64AAB6BC-9842-4BC7-870F-4CF386010284}.Debug|x64.ActiveCfg = Debug|x64
		{64AAB6BC-9842-4BC7-870F-4CF386010284}.Debug|x64.Build.0 = Debug|x64
		{64AAB6BC-9842-4BC7-870F-4CF386010284}.Debug|x86.ActiveCfg = Debug|Win32
		{64AAB6BC-9842-4BC7-870F-4CF386010284}.Debug|x86.Build.0 = Debug|Win32
		{64AAB6BC-9842-4BC7-870F-4CF386010284}.Release|x64.ActiveCfg = Release|x64
		{64AAB6BC-9842-4BC7-870F-4CF386010284}.Release|x64.Build.0 = Release|x64
		{64AAB6BC-9842-4BC7-870F-4CF386010284}.Release|x86.ActiveCfg = Release|Win32
		{64AAB6BC-9842-4BC7-870F-4CF386010284}.Release|x86.Build.0 = Release|Win32
	EndGlobalSection
	GlobalSection(SolutionProperties) = preSolution
		HideSolutionNode = FALSE
	EndGlobalSection
	GlobalSection(ExtensibilityGlobals) = postSolution
		SolutionGuid = {E2573027-A7A9-45DB-B4A8-337F6EC6E18A}
	EndGlobalSection
EndGlobal
